github.com/yetiz-org/goth-kklogger v1.2.8 h1:Q6G4kSDfXZ8TmkBoAW9jd6o8+XKOI0ElAo1y56wUIr8=
github.com/yetiz-org/goth-kklogger v1.2.8/go.mod h1:xOJb2U5Aj/JnBjXjgC+Q2eyE/9waFirMkVYYtyg9Gyc=
github.com/yetiz-org/goth-kktranslation v0.0.0-20250611123742-961c7c57f25d h1:qvebQU51ZkW5s1ycA0JzFsWaeXS3msl54srbyBmC1QA=
github.com/yetiz-org/goth-kktranslation v0.0.0-20250611123742-961c7c57f25d/go.mod h1:4+JBDkTQPNaXIg3VDoBb0s2HBTtnyuhmBKam8lQj8/Y=
gopkg.in/check.v1 v0.0.0-20161208181325-20d25e280405 h1:yhCVgyC4o1eVCa2tZl7eS0r+SDo693bJlVdllGtEeKM=
gopkg.in/check.v1 v0.0.0-20161208181325-20d25e280405/go.mod h1:Co6ibVJAznAaIkqp8huTwlJQCZ016jof/cbN4VW5Yz0=
gopkg.in/yaml.v2 v2.2.7 h1:VUgggvou5XRW9mHwD/yXxIYSMtY0zoKQf/v226p2nyo=
gopkg.in/yaml.v2 v2.2.7/go.mod h1:hI93XBmqTisBFMUTm0b8Fm+jr3Dg1NNxqwp+5A1VGuI=
gopkg.in/yaml.v3 v3.0.1 h1:fxVm/GzAzEWqLHuvctI91KS9hhNmmWOoWu0XTYJS7CA=
gopkg.in/yaml.v3 v3.0.1/go.mod h1:K4uyk7z7BCEPqu6E+C64Yfv1cQ7kz7rIZviUmN+EgEM=
